
Microsoft Visual Studio Solution File, Format Version 12.00
# Visual Studio Version 16
VisualStudioVersion = 16.0.32630.194
MinimumVisualStudioVersion = 10.0.40219.1
Project("{C9674DCB-5085-4A16-B785-4C70DD1589BD}") = "RepositoryGit", "RepositoryGit\RepositoryGit.dtproj", "{A9CDB72D-DAC6-44CA-8109-4F1A145ED2D0}"
EndProject
Global
	GlobalSection(SolutionConfigurationPlatforms) = preSolution
		Development|Default = Development|Default
	EndGlobalSection
	GlobalSection(ProjectConfigurationPlatforms) = postSolution
		{A9CDB72D-DAC6-44CA-8109-4F1A145ED2D0}.Development|Default.ActiveCfg = Development
		{A9CDB72D-DAC6-44CA-8109-4F1A145ED2D0}.Development|Default.Build.0 = Development
	EndGlobalSection
	GlobalSection(SolutionProperties) = preSolution
		HideSolutionNode = FALSE
	EndGlobalSection
	GlobalSection(ExtensibilityGlobals) = postSolution
		SolutionGuid = {9102F285-8DFC-4F38-A631-72D7BF4D8970}
	EndGlobalSection
EndGlobal
